
Microsoft Visual Studio Solution File, Format Version 12.00
# Visual Studio Version 17
VisualStudioVersion = 17.1.32210.238
MinimumVisualStudioVersion = 10.0.40219.1
Project("{8BC9CEB8-8B4A-11D0-8D11-00A0C91BC942}") = "3D_TH", "3D_TH.vcxproj", "{C3F243FB-912C-4F19-9ABB-E9FF7E4E844E}"
EndProject
Project("{2150E333-8FDC-42A3-9474-1A3956D46DE8}") = "3주차", "3주차", "{938BCF06-E108-49A9-B655-ECA0D2021125}"
EndProject
Global
	GlobalSection(SolutionConfigurationPlatforms) = preSolution
		Debug|x64 = Debug|x64
		Debug|x86 = Debug|x86
		Release|x64 = Release|x64
		Release|x86 = Release|x86
	EndGlobalSection
	GlobalSection(ProjectConfigurationPlatforms) = postSolution
		{C3F243FB-912C-4F19-9ABB-E9FF7E4E844E}.Debug|x64.ActiveCfg = Debug|x64
		{C3F243FB-912C-4F19-9ABB-E9FF7E4E844E}.Debug|x64.Build.0 = Debug|x64
		{C3F243FB-912C-4F19-9ABB-E9FF7E4E844E}.Debug|x86.ActiveCfg = Debug|Win32
		{C3F243FB-912C-4F19-9ABB-E9FF7E4E844E}.Debug|x86.Build.0 = Debug|Win32
		{C3F243FB-912C-4F19-9ABB-E9FF7E4E844E}.Release|x64.ActiveCfg = Release|x64
		{C3F243FB-912C-4F19-9ABB-E9FF7E4E844E}.Release|x64.Build.0 = Release|x64
		{C3F243FB-912C-4F19-9ABB-E9FF7E4E844E}.Release|x86.ActiveCfg = Release|Win32
		{C3F243FB-912C-4F19-9ABB-E9FF7E4E844E}.Release|x86.Build.0 = Release|Win32
	EndGlobalSection
	GlobalSection(SolutionProperties) = preSolution
		HideSolutionNode = FALSE
	EndGlobalSection
	GlobalSection(NestedProjects) = preSolution
		{C3F243FB-912C-4F19-9ABB-E9FF7E4E844E} = {938BCF06-E108-49A9-B655-ECA0D2021125}
	EndGlobalSection
	GlobalSection(ExtensibilityGlobals) = postSolution
		SolutionGuid = {895E72BD-9371-41D1-AE6D-D5857BAD15C0}
	EndGlobalSection
EndGlobal
